
Microsoft Visual Studio Solution File, Format Version 12.00
# Visual Studio Version 16
VisualStudioVersion = 16.0.30114.105
MinimumVisualStudioVersion = 10.0.40219.1
Project("{2150E333-8FDC-42A3-9474-1A3956D46DE8}") = "src", "src", "{C353EED4-D44D-4201-B635-D00B11637396}"
EndProject
Project("{F2A71F9B-5D33-465A-A702-920D77279786}") = "VP", "src\VP\VP.fsproj", "{AEEC289A-910A-4084-A02F-9B2B6F8EEB92}"
EndProject
Global
	GlobalSection(SolutionConfigurationPlatforms) = preSolution
		Debug|Any CPU = Debug|Any CPU
		Release|Any CPU = Release|Any CPU
	EndGlobalSection
	GlobalSection(SolutionProperties) = preSolution
		HideSolutionNode = FALSE
	EndGlobalSection
	GlobalSection(ProjectConfigurationPlatforms) = postSolution
		{AEEC289A-910A-4084-A02F-9B2B6F8EEB92}.Debug|Any CPU.ActiveCfg = Debug|Any CPU
		{AEEC289A-910A-4084-A02F-9B2B6F8EEB92}.Debug|Any CPU.Build.0 = Debug|Any CPU
		{AEEC289A-910A-4084-A02F-9B2B6F8EEB92}.Release|Any CPU.ActiveCfg = Release|Any CPU
		{AEEC289A-910A-4084-A02F-9B2B6F8EEB92}.Release|Any CPU.Build.0 = Release|Any CPU
	EndGlobalSection
	GlobalSection(NestedProjects) = preSolution
		{AEEC289A-910A-4084-A02F-9B2B6F8EEB92} = {C353EED4-D44D-4201-B635-D00B11637396}
	EndGlobalSection
EndGlobal
